{
  "name": "@wind-webcli/init",
  "version": "1.4.5",
  "lockfileVersion": 2,
  "requires": true,
  "packages": {
    "": {
      "name": "@wind-webcli/init",
      "version": "1.4.5",
      "license": "ISC",
      "dependencies": {
        "@wind-webcli/command": "file:../../models/command"
      }
    },
    "../../models/command": {
      "name": "@wind-webcli/command",
      "version": "1.4.5",
      "license": "ISC",
      "dependencies": {
        "@wind-webcli/log": "file:../../utils/log",
        "semver": "^7.3.7"
      }
    },
    "../../models/commands": {
      "extraneous": true
    },
    "node_modules/@wind-webcli/command": {
      "resolved": "../../models/command",
      "link": true
    }
  },
  "dependencies": {
    "@wind-webcli/command": {
      "version": "file:../../models/command",
      "requires": {
        "@wind-webcli/log": "file:../../utils/log",
        "semver": "^7.3.7"
      }
    }
  }
}
