{
  "name": "@wind-webcli/exec",
  "version": "1.4.2",
  "lockfileVersion": 2,
  "requires": true,
  "packages": {
    "": {
      "name": "@wind-webcli/exec",
      "version": "1.4.2",
      "license": "ISC",
      "dependencies": {
        "@wind-webcli/log": "file:../../utils/log",
        "@wind-webcli/package": "file:../../models/package"
      }
    },
    "../../models/package": {
      "name": "@wind-webcli/package",
      "version": "1.4.2",
      "license": "ISC"
    },
    "../../utils/log": {
      "name": "@wind-webcli/log",
      "version": "1.3.1",
      "license": "ISC",
      "dependencies": {
        "npmlog": "^6.0.1"
      }
    },
    "node_modules/@wind-webcli/log": {
      "resolved": "../../utils/log",
      "link": true
    },
    "node_modules/@wind-webcli/package": {
      "resolved": "../../models/package",
      "link": true
    }
  },
  "dependencies": {
    "@wind-webcli/log": {
      "version": "file:../../utils/log",
      "requires": {
        "npmlog": "^6.0.1"
      }
    },
    "@wind-webcli/package": {
      "version": "file:../../models/package"
    }
  }
}
